{
  "name": "skapi-extensions",
  "version": "1.0.0",
  "lockfileVersion": 3,
  "requires": true,
  "packages": {
    "": {
      "name": "skapi-extensions",
      "version": "1.0.0",
      "license": "ISC",
      "dependencies": {
        "skapi-js": "^1.0.0-alpha.8"
      },
      "devDependencies": {
        "typescript": "^5.1.6"
      }
    },
    "node_modules/skapi-js": {
      "version": "1.0.0-alpha.8",
      "resolved": "https://registry.npmjs.org/skapi-js/-/skapi-js-1.0.0-alpha.8.tgz",
      "integrity": "sha512-AUz8j/kYSDNm5Np5Z1Zd4pjWDW5xTLWpxd4F3J5XXxoNsAVL0gFCDOWbofZYILxBnj+V/DF/pajpj78Odqp+7w=="
    },
    "node_modules/typescript": {
      "version": "5.2.2",
      "resolved": "https://registry.npmjs.org/typescript/-/typescript-5.2.2.tgz",
      "integrity": "sha512-mI4WrpHsbCIcwT9cF4FZvr80QUeKvsUsUvKDoR+X/7XHQH98xYD8YHZg7ANtz2GtZt/CBq2QJ0thkGJMHfqc1w==",
      "dev": true,
      "bin": {
        "tsc": "bin/tsc",
        "tsserver": "bin/tsserver"
      },
      "engines": {
        "node": ">=14.17"
      }
    }
  }
}
