{
  "name": "skapi-extensions",
  "version": "1.0.0",
  "lockfileVersion": 3,
  "requires": true,
  "packages": {
    "": {
      "name": "skapi-extensions",
      "version": "1.0.0",
      "license": "ISC",
      "devDependencies": {
        "skapi-js": "^1.0.0-alpha.10",
        "typescript": "^5.1.6"
      }
    },
    "node_modules/skapi-js": {
      "version": "1.0.0-alpha.10",
      "resolved": "https://registry.npmjs.org/skapi-js/-/skapi-js-1.0.0-alpha.10.tgz",
      "integrity": "sha512-ZL3dzGM2rN0ljsAZH0Jm2dTxprP7P7v8onuR61Kp3W/+tzgjbO3mmYfU68sEdXg09IqqSIVRSmH+z3jDcN29Dg==",
      "dev": true
    },
    "node_modules/typescript": {
      "version": "5.2.2",
      "resolved": "https://registry.npmjs.org/typescript/-/typescript-5.2.2.tgz",
      "integrity": "sha512-mI4WrpHsbCIcwT9cF4FZvr80QUeKvsUsUvKDoR+X/7XHQH98xYD8YHZg7ANtz2GtZt/CBq2QJ0thkGJMHfqc1w==",
      "dev": true,
      "bin": {
        "tsc": "bin/tsc",
        "tsserver": "bin/tsserver"
      },
      "engines": {
        "node": ">=14.17"
      }
    }
  }
}
